<Solution>
  <Folder Name="/src/">
    <Project Path="src/Widgy.Analyzer/Widgy.Analyzer.csproj" />
    <Project Path="src/Widgy.Core/Widgy.Core.csproj" />
    <Project Path="src/Widgy.Host/Widgy.Host.csproj" />
  </Folder>
  <Folder Name="/widgets/">
    <Project Path="widgets/Widgy.Widgets.Clock/Widgy.Widgets.Clock.csproj" />
  </Folder>
  <Folder Name="/tests/">
    <Project Path="tests/Widgy.Analyzer.Tests/Widgy.Analyzer.Tests.csproj" />
    <Project Path="tests/Widgy.Core.Tests/Widgy.Core.Tests.csproj" />
  </Folder>
</Solution>
